
Microsoft Visual Studio Solution File, Format Version 12.00
# Visual Studio Version 17
VisualStudioVersion = 17.5.002.0
MinimumVisualStudioVersion = 10.0.40219.1
Project("{9A19103F-16F7-4668-BE54-9A1E7A4F7556}") = "NumMet", "NumMet.csproj", "{52F92585-9B6A-402C-ACD2-F42E1D4B41DD}"
EndProject
Global
	GlobalSection(SolutionConfigurationPlatforms) = preSolution
		Debug|Any CPU = Debug|Any CPU
		Release|Any CPU = Release|Any CPU
	EndGlobalSection
	GlobalSection(ProjectConfigurationPlatforms) = postSolution
		{52F92585-9B6A-402C-ACD2-F42E1D4B41DD}.Debug|Any CPU.ActiveCfg = Debug|Any CPU
		{52F92585-9B6A-402C-ACD2-F42E1D4B41DD}.Debug|Any CPU.Build.0 = Debug|Any CPU
		{52F92585-9B6A-402C-ACD2-F42E1D4B41DD}.Release|Any CPU.ActiveCfg = Release|Any CPU
		{52F92585-9B6A-402C-ACD2-F42E1D4B41DD}.Release|Any CPU.Build.0 = Release|Any CPU
	EndGlobalSection
	GlobalSection(SolutionProperties) = preSolution
		HideSolutionNode = FALSE
	EndGlobalSection
	GlobalSection(ExtensibilityGlobals) = postSolution
		SolutionGuid = {AFDCD8CE-BF00-426E-8570-20B8355D9FBE}
	EndGlobalSection
EndGlobal
